
Microsoft Visual Studio Solution File, Format Version 12.00
# Visual Studio Version 16
VisualStudioVersion = 16.0.32428.217
MinimumVisualStudioVersion = 10.0.40219.1
Project("{8BC9CEB8-8B4A-11D0-8D11-00A0C91BC942}") = "ElementosBienSituados", "ElementosBienSituados.vcxproj", "{E306C077-352E-408E-99E6-9D24CDABDB50}"
EndProject
Global
	GlobalSection(SolutionConfigurationPlatforms) = preSolution
		Debug|x64 = Debug|x64
		Debug|x86 = Debug|x86
		Release|x64 = Release|x64
		Release|x86 = Release|x86
	EndGlobalSection
	GlobalSection(ProjectConfigurationPlatforms) = postSolution
		{E306C077-352E-408E-99E6-9D24CDABDB50}.Debug|x64.ActiveCfg = Debug|x64
		{E306C077-352E-408E-99E6-9D24CDABDB50}.Debug|x64.Build.0 = Debug|x64
		{E306C077-352E-408E-99E6-9D24CDABDB50}.Debug|x86.ActiveCfg = Debug|Win32
		{E306C077-352E-408E-99E6-9D24CDABDB50}.Debug|x86.Build.0 = Debug|Win32
		{E306C077-352E-408E-99E6-9D24CDABDB50}.Release|x64.ActiveCfg = Release|x64
		{E306C077-352E-408E-99E6-9D24CDABDB50}.Release|x64.Build.0 = Release|x64
		{E306C077-352E-408E-99E6-9D24CDABDB50}.Release|x86.ActiveCfg = Release|Win32
		{E306C077-352E-408E-99E6-9D24CDABDB50}.Release|x86.Build.0 = Release|Win32
	EndGlobalSection
	GlobalSection(SolutionProperties) = preSolution
		HideSolutionNode = FALSE
	EndGlobalSection
	GlobalSection(ExtensibilityGlobals) = postSolution
		SolutionGuid = {01C9B92A-A7C8-422E-85C1-EE5A3F18DEB5}
	EndGlobalSection
EndGlobal
