
Microsoft Visual Studio Solution File, Format Version 12.00
# Visual Studio Version 16
VisualStudioVersion = 16.0.32428.217
MinimumVisualStudioVersion = 10.0.40219.1
Project("{8BC9CEB8-8B4A-11D0-8D11-00A0C91BC942}") = "NúmeroNodosHojasYAltura", "NúmeroNodosHojasYAltura.vcxproj", "{2D1F1039-81D0-4409-9D35-CEE7C71CBE0F}"
EndProject
Global
	GlobalSection(SolutionConfigurationPlatforms) = preSolution
		Debug|x64 = Debug|x64
		Debug|x86 = Debug|x86
		Release|x64 = Release|x64
		Release|x86 = Release|x86
	EndGlobalSection
	GlobalSection(ProjectConfigurationPlatforms) = postSolution
		{2D1F1039-81D0-4409-9D35-CEE7C71CBE0F}.Debug|x64.ActiveCfg = Debug|x64
		{2D1F1039-81D0-4409-9D35-CEE7C71CBE0F}.Debug|x64.Build.0 = Debug|x64
		{2D1F1039-81D0-4409-9D35-CEE7C71CBE0F}.Debug|x86.ActiveCfg = Debug|Win32
		{2D1F1039-81D0-4409-9D35-CEE7C71CBE0F}.Debug|x86.Build.0 = Debug|Win32
		{2D1F1039-81D0-4409-9D35-CEE7C71CBE0F}.Release|x64.ActiveCfg = Release|x64
		{2D1F1039-81D0-4409-9D35-CEE7C71CBE0F}.Release|x64.Build.0 = Release|x64
		{2D1F1039-81D0-4409-9D35-CEE7C71CBE0F}.Release|x86.ActiveCfg = Release|Win32
		{2D1F1039-81D0-4409-9D35-CEE7C71CBE0F}.Release|x86.Build.0 = Release|Win32
	EndGlobalSection
	GlobalSection(SolutionProperties) = preSolution
		HideSolutionNode = FALSE
	EndGlobalSection
	GlobalSection(ExtensibilityGlobals) = postSolution
		SolutionGuid = {5C588AC6-FB1B-4930-8FC4-3485A660E595}
	EndGlobalSection
EndGlobal
