
Microsoft Visual Studio Solution File, Format Version 12.00
# Visual Studio Version 16
VisualStudioVersion = 16.0.32428.217
MinimumVisualStudioVersion = 10.0.40219.1
Project("{8BC9CEB8-8B4A-11D0-8D11-00A0C91BC942}") = "ECONT05", "ECONT05.vcxproj", "{C9C4E833-1EA2-4430-9E86-960802842E68}"
EndProject
Global
	GlobalSection(SolutionConfigurationPlatforms) = preSolution
		Debug|x64 = Debug|x64
		Debug|x86 = Debug|x86
		Release|x64 = Release|x64
		Release|x86 = Release|x86
	EndGlobalSection
	GlobalSection(ProjectConfigurationPlatforms) = postSolution
		{C9C4E833-1EA2-4430-9E86-960802842E68}.Debug|x64.ActiveCfg = Debug|x64
		{C9C4E833-1EA2-4430-9E86-960802842E68}.Debug|x64.Build.0 = Debug|x64
		{C9C4E833-1EA2-4430-9E86-960802842E68}.Debug|x86.ActiveCfg = Debug|Win32
		{C9C4E833-1EA2-4430-9E86-960802842E68}.Debug|x86.Build.0 = Debug|Win32
		{C9C4E833-1EA2-4430-9E86-960802842E68}.Release|x64.ActiveCfg = Release|x64
		{C9C4E833-1EA2-4430-9E86-960802842E68}.Release|x64.Build.0 = Release|x64
		{C9C4E833-1EA2-4430-9E86-960802842E68}.Release|x86.ActiveCfg = Release|Win32
		{C9C4E833-1EA2-4430-9E86-960802842E68}.Release|x86.Build.0 = Release|Win32
	EndGlobalSection
	GlobalSection(SolutionProperties) = preSolution
		HideSolutionNode = FALSE
	EndGlobalSection
	GlobalSection(ExtensibilityGlobals) = postSolution
		SolutionGuid = {46F35845-B355-40C2-AACB-2030DBFC29FE}
	EndGlobalSection
EndGlobal
